
Microsoft Visual Studio Solution File, Format Version 12.00
# Visual Studio Version 16
VisualStudioVersion = 16.0.30523.141
MinimumVisualStudioVersion = 10.0.40219.1
Project("{FAE04EC0-301F-11D3-BF4B-00C04F79EFBC}") = "DSCC_CW1_6077_MICROSERVICE", "DSCC_CW1_6077_MICROSERVICE\DSCC_CW1_6077_MICROSERVICE.csproj", "{B39BB535-9DFB-4FE4-9F71-1376C49AD90D}"
EndProject
Global
	GlobalSection(SolutionConfigurationPlatforms) = preSolution
		Debug|Any CPU = Debug|Any CPU
		Release|Any CPU = Release|Any CPU
	EndGlobalSection
	GlobalSection(ProjectConfigurationPlatforms) = postSolution
		{B39BB535-9DFB-4FE4-9F71-1376C49AD90D}.Debug|Any CPU.ActiveCfg = Debug|Any CPU
		{B39BB535-9DFB-4FE4-9F71-1376C49AD90D}.Debug|Any CPU.Build.0 = Debug|Any CPU
		{B39BB535-9DFB-4FE4-9F71-1376C49AD90D}.Release|Any CPU.ActiveCfg = Release|Any CPU
		{B39BB535-9DFB-4FE4-9F71-1376C49AD90D}.Release|Any CPU.Build.0 = Release|Any CPU
	EndGlobalSection
	GlobalSection(SolutionProperties) = preSolution
		HideSolutionNode = FALSE
	EndGlobalSection
	GlobalSection(ExtensibilityGlobals) = postSolution
		SolutionGuid = {A9322BF1-1FDD-48C3-9994-FEC928EBE994}
	EndGlobalSection
EndGlobal
